
Microsoft Visual Studio Solution File, Format Version 12.00
# Visual Studio 15
VisualStudioVersion = 15.0.28307.852
MinimumVisualStudioVersion = 10.0.40219.1
Project("{FAE04EC0-301F-11D3-BF4B-00C04F79EFBC}") = "RCSE-Reloaded", "RCSE-Reloaded.csproj", "{89B0B7C2-7ADF-4AFF-A10D-E74C9AAD5255}"
EndProject
Project("{FAE04EC0-301F-11D3-BF4B-00C04F79EFBC}") = "RCSE-Reloaded.API", "RCSE-Reloaded.API\RCSE-Reloaded.API.csproj", "{AD89A202-E9AC-49F3-8D37-6DE09A1B4544}"
EndProject
Project("{FAE04EC0-301F-11D3-BF4B-00C04F79EFBC}") = "MinimalUpdater", "MinimalUpdater\MinimalUpdater.csproj", "{10077BF3-607D-42BE-9C0F-7BDEA4D289D0}"
EndProject
Global
	GlobalSection(SolutionConfigurationPlatforms) = preSolution
		Debug|Any CPU = Debug|Any CPU
		Release|Any CPU = Release|Any CPU
	EndGlobalSection
	GlobalSection(ProjectConfigurationPlatforms) = postSolution
		{89B0B7C2-7ADF-4AFF-A10D-E74C9AAD5255}.Debug|Any CPU.ActiveCfg = Debug|Any CPU
		{89B0B7C2-7ADF-4AFF-A10D-E74C9AAD5255}.Debug|Any CPU.Build.0 = Debug|Any CPU
		{89B0B7C2-7ADF-4AFF-A10D-E74C9AAD5255}.Release|Any CPU.ActiveCfg = Release|Any CPU
		{89B0B7C2-7ADF-4AFF-A10D-E74C9AAD5255}.Release|Any CPU.Build.0 = Release|Any CPU
		{AD89A202-E9AC-49F3-8D37-6DE09A1B4544}.Debug|Any CPU.ActiveCfg = Debug|Any CPU
		{AD89A202-E9AC-49F3-8D37-6DE09A1B4544}.Debug|Any CPU.Build.0 = Debug|Any CPU
		{AD89A202-E9AC-49F3-8D37-6DE09A1B4544}.Release|Any CPU.ActiveCfg = Release|Any CPU
		{AD89A202-E9AC-49F3-8D37-6DE09A1B4544}.Release|Any CPU.Build.0 = Release|Any CPU
		{10077BF3-607D-42BE-9C0F-7BDEA4D289D0}.Debug|Any CPU.ActiveCfg = Debug|Any CPU
		{10077BF3-607D-42BE-9C0F-7BDEA4D289D0}.Debug|Any CPU.Build.0 = Debug|Any CPU
		{10077BF3-607D-42BE-9C0F-7BDEA4D289D0}.Release|Any CPU.ActiveCfg = Release|Any CPU
		{10077BF3-607D-42BE-9C0F-7BDEA4D289D0}.Release|Any CPU.Build.0 = Release|Any CPU
	EndGlobalSection
	GlobalSection(SolutionProperties) = preSolution
		HideSolutionNode = FALSE
	EndGlobalSection
	GlobalSection(ExtensibilityGlobals) = postSolution
		SolutionGuid = {74B1D778-302F-4E0F-8A16-C6BB93085403}
	EndGlobalSection
EndGlobal
