
Microsoft Visual Studio Solution File, Format Version 12.00
# Visual Studio Version 16
VisualStudioVersion = 16.0.29613.14
MinimumVisualStudioVersion = 10.0.40219.1
Project("{FAE04EC0-301F-11D3-BF4B-00C04F79EFBC}") = "RCSE-Reloaded", "RCSE-Reloaded.csproj", "{89B0B7C2-7ADF-4AFF-A10D-E74C9AAD5255}"
EndProject
Project("{FAE04EC0-301F-11D3-BF4B-00C04F79EFBC}") = "RCSE-Reloaded.API", "RCSE-Reloaded.API\RCSE-Reloaded.API.csproj", "{AD89A202-E9AC-49F3-8D37-6DE09A1B4544}"
EndProject
Project("{FAE04EC0-301F-11D3-BF4B-00C04F79EFBC}") = "MinimalUpdater", "MinimalUpdater\MinimalUpdater.csproj", "{10077BF3-607D-42BE-9C0F-7BDEA4D289D0}"
EndProject
Project("{2150E333-8FDC-42A3-9474-1A3956D46DE8}") = "Misc", "Misc", "{C1EF28DC-7FEA-411F-94D4-E43F70465BF7}"
EndProject
Project("{FAE04EC0-301F-11D3-BF4B-00C04F79EFBC}") = "MeetFile", "MeetFile\MeetFile.csproj", "{0DCCB532-2B7D-4660-B666-DE59EA9EBA31}"
EndProject
Project("{FAE04EC0-301F-11D3-BF4B-00C04F79EFBC}") = "CrystalEngine", "CrystalEngine\CrystalEngine.csproj", "{8CB6F6CD-4443-4F63-8670-C388FDB71FCD}"
EndProject
Project("{FAE04EC0-301F-11D3-BF4B-00C04F79EFBC}") = "RCSE-Reloaded.ComfortUI", "RCSE-Reloaded.ComfortUI\RCSE-Reloaded.ComfortUI.csproj", "{8821DDC6-6138-443B-AE3D-B64F0C335D6A}"
EndProject
Project("{54435603-DBB4-11D2-8724-00A0C9A8B90C}") = "Installer", "Installer\Installer.vdproj", "{C39D852E-A3FB-4723-B988-AA09F2B8A60C}"
EndProject
Global
	GlobalSection(SolutionConfigurationPlatforms) = preSolution
		Debug|Any CPU = Debug|Any CPU
		Release|Any CPU = Release|Any CPU
	EndGlobalSection
	GlobalSection(ProjectConfigurationPlatforms) = postSolution
		{89B0B7C2-7ADF-4AFF-A10D-E74C9AAD5255}.Debug|Any CPU.ActiveCfg = Debug|Any CPU
		{89B0B7C2-7ADF-4AFF-A10D-E74C9AAD5255}.Debug|Any CPU.Build.0 = Debug|Any CPU
		{89B0B7C2-7ADF-4AFF-A10D-E74C9AAD5255}.Release|Any CPU.ActiveCfg = Release|Any CPU
		{89B0B7C2-7ADF-4AFF-A10D-E74C9AAD5255}.Release|Any CPU.Build.0 = Release|Any CPU
		{AD89A202-E9AC-49F3-8D37-6DE09A1B4544}.Debug|Any CPU.ActiveCfg = Debug|Any CPU
		{AD89A202-E9AC-49F3-8D37-6DE09A1B4544}.Debug|Any CPU.Build.0 = Debug|Any CPU
		{AD89A202-E9AC-49F3-8D37-6DE09A1B4544}.Release|Any CPU.ActiveCfg = Release|Any CPU
		{AD89A202-E9AC-49F3-8D37-6DE09A1B4544}.Release|Any CPU.Build.0 = Release|Any CPU
		{10077BF3-607D-42BE-9C0F-7BDEA4D289D0}.Debug|Any CPU.ActiveCfg = Debug|Any CPU
		{10077BF3-607D-42BE-9C0F-7BDEA4D289D0}.Debug|Any CPU.Build.0 = Debug|Any CPU
		{10077BF3-607D-42BE-9C0F-7BDEA4D289D0}.Release|Any CPU.ActiveCfg = Release|Any CPU
		{10077BF3-607D-42BE-9C0F-7BDEA4D289D0}.Release|Any CPU.Build.0 = Release|Any CPU
		{0DCCB532-2B7D-4660-B666-DE59EA9EBA31}.Debug|Any CPU.ActiveCfg = Debug|Any CPU
		{0DCCB532-2B7D-4660-B666-DE59EA9EBA31}.Debug|Any CPU.Build.0 = Debug|Any CPU
		{0DCCB532-2B7D-4660-B666-DE59EA9EBA31}.Release|Any CPU.ActiveCfg = Release|Any CPU
		{0DCCB532-2B7D-4660-B666-DE59EA9EBA31}.Release|Any CPU.Build.0 = Release|Any CPU
		{8CB6F6CD-4443-4F63-8670-C388FDB71FCD}.Debug|Any CPU.ActiveCfg = Debug|Any CPU
		{8CB6F6CD-4443-4F63-8670-C388FDB71FCD}.Debug|Any CPU.Build.0 = Debug|Any CPU
		{8CB6F6CD-4443-4F63-8670-C388FDB71FCD}.Release|Any CPU.ActiveCfg = Release|Any CPU
		{8CB6F6CD-4443-4F63-8670-C388FDB71FCD}.Release|Any CPU.Build.0 = Release|Any CPU
		{8821DDC6-6138-443B-AE3D-B64F0C335D6A}.Debug|Any CPU.ActiveCfg = Debug|Any CPU
		{8821DDC6-6138-443B-AE3D-B64F0C335D6A}.Debug|Any CPU.Build.0 = Debug|Any CPU
		{8821DDC6-6138-443B-AE3D-B64F0C335D6A}.Release|Any CPU.ActiveCfg = Release|Any CPU
		{8821DDC6-6138-443B-AE3D-B64F0C335D6A}.Release|Any CPU.Build.0 = Release|Any CPU
		{C39D852E-A3FB-4723-B988-AA09F2B8A60C}.Debug|Any CPU.ActiveCfg = Debug
		{C39D852E-A3FB-4723-B988-AA09F2B8A60C}.Release|Any CPU.ActiveCfg = Release
	EndGlobalSection
	GlobalSection(SolutionProperties) = preSolution
		HideSolutionNode = FALSE
	EndGlobalSection
	GlobalSection(ExtensibilityGlobals) = postSolution
		SolutionGuid = {74B1D778-302F-4E0F-8A16-C6BB93085403}
	EndGlobalSection
	GlobalSection(SolutionConfigurationPlatforms) = preSolution
		Debug|Any CPU = Debug|Any CPU
		Release|Any CPU = Release|Any CPU
	EndGlobalSection
EndGlobal
